
Microsoft Visual Studio Solution File, Format Version 12.00
# Visual Studio Version 17
VisualStudioVersion = 17.1.32421.90
MinimumVisualStudioVersion = 10.0.40219.1
Project("{FAE04EC0-301F-11D3-BF4B-00C04F79EFBC}") = "ImageTagger", "ImageTagger\ImageTagger.csproj", "{59E3464B-0720-42B5-9A7C-2746EA47399A}"
EndProject
Global
	GlobalSection(SolutionConfigurationPlatforms) = preSolution
		Debug|Any CPU = Debug|Any CPU
		Release|Any CPU = Release|Any CPU
	EndGlobalSection
	GlobalSection(ProjectConfigurationPlatforms) = postSolution
		{59E3464B-0720-42B5-9A7C-2746EA47399A}.Debug|Any CPU.ActiveCfg = Debug|Any CPU
		{59E3464B-0720-42B5-9A7C-2746EA47399A}.Debug|Any CPU.Build.0 = Debug|Any CPU
		{59E3464B-0720-42B5-9A7C-2746EA47399A}.Release|Any CPU.ActiveCfg = Release|Any CPU
		{59E3464B-0720-42B5-9A7C-2746EA47399A}.Release|Any CPU.Build.0 = Release|Any CPU
	EndGlobalSection
	GlobalSection(SolutionProperties) = preSolution
		HideSolutionNode = FALSE
	EndGlobalSection
	GlobalSection(ExtensibilityGlobals) = postSolution
		SolutionGuid = {947107CE-8A53-45C6-BD21-B366826BFA2D}
	EndGlobalSection
EndGlobal
